
Microsoft Visual Studio Solution File, Format Version 12.00
# Visual Studio 15
VisualStudioVersion = 15.0.28307.329
MinimumVisualStudioVersion = 10.0.40219.1
Project("{FAE04EC0-301F-11D3-BF4B-00C04F79EFBC}") = "neurodb-dotnet-driver", "neurodb-dotnet-driver\neurodb-dotnet-driver.csproj", "{9C2436F7-52D7-4DAB-98CA-E46739D3EF5C}"
EndProject
Project("{FAE04EC0-301F-11D3-BF4B-00C04F79EFBC}") = "Test", "Test\Test.csproj", "{EE3B5DA0-4018-4060-B9B5-AC54F6B61230}"
EndProject
Global
	GlobalSection(SolutionConfigurationPlatforms) = preSolution
		Debug|Any CPU = Debug|Any CPU
		Release|Any CPU = Release|Any CPU
	EndGlobalSection
	GlobalSection(ProjectConfigurationPlatforms) = postSolution
		{9C2436F7-52D7-4DAB-98CA-E46739D3EF5C}.Debug|Any CPU.ActiveCfg = Debug|Any CPU
		{9C2436F7-52D7-4DAB-98CA-E46739D3EF5C}.Debug|Any CPU.Build.0 = Debug|Any CPU
		{9C2436F7-52D7-4DAB-98CA-E46739D3EF5C}.Release|Any CPU.ActiveCfg = Release|Any CPU
		{9C2436F7-52D7-4DAB-98CA-E46739D3EF5C}.Release|Any CPU.Build.0 = Release|Any CPU
		{EE3B5DA0-4018-4060-B9B5-AC54F6B61230}.Debug|Any CPU.ActiveCfg = Debug|Any CPU
		{EE3B5DA0-4018-4060-B9B5-AC54F6B61230}.Debug|Any CPU.Build.0 = Debug|Any CPU
		{EE3B5DA0-4018-4060-B9B5-AC54F6B61230}.Release|Any CPU.ActiveCfg = Release|Any CPU
		{EE3B5DA0-4018-4060-B9B5-AC54F6B61230}.Release|Any CPU.Build.0 = Release|Any CPU
	EndGlobalSection
	GlobalSection(SolutionProperties) = preSolution
		HideSolutionNode = FALSE
	EndGlobalSection
	GlobalSection(ExtensibilityGlobals) = postSolution
		SolutionGuid = {32156005-281C-4D50-AC35-5AF8A8591DED}
	EndGlobalSection
EndGlobal
